
Microsoft Visual Studio Solution File, Format Version 12.00
# Visual Studio Version 17
VisualStudioVersion = 17.7.34202.233
MinimumVisualStudioVersion = 10.0.40219.1
Project("{FAE04EC0-301F-11D3-BF4B-00C04F79EFBC}") = "UserApi", "UserApi\UserApi.csproj", "{E4E8A395-28B1-45AD-8F15-1CDA701DE40A}"
EndProject
Global
	GlobalSection(SolutionConfigurationPlatforms) = preSolution
		Debug|Any CPU = Debug|Any CPU
		Release|Any CPU = Release|Any CPU
	EndGlobalSection
	GlobalSection(ProjectConfigurationPlatforms) = postSolution
		{E4E8A395-28B1-45AD-8F15-1CDA701DE40A}.Debug|Any CPU.ActiveCfg = Debug|Any CPU
		{E4E8A395-28B1-45AD-8F15-1CDA701DE40A}.Debug|Any CPU.Build.0 = Debug|Any CPU
		{E4E8A395-28B1-45AD-8F15-1CDA701DE40A}.Release|Any CPU.ActiveCfg = Release|Any CPU
		{E4E8A395-28B1-45AD-8F15-1CDA701DE40A}.Release|Any CPU.Build.0 = Release|Any CPU
	EndGlobalSection
	GlobalSection(SolutionProperties) = preSolution
		HideSolutionNode = FALSE
	EndGlobalSection
	GlobalSection(ExtensibilityGlobals) = postSolution
		SolutionGuid = {CC97610C-90CB-495A-8395-018976711B52}
	EndGlobalSection
EndGlobal
